{
  "name": "@bofsteel/agent-kernel",
  "version": "0.1.2",
  "lockfileVersion": 3,
  "requires": true,
  "packages": {
    "": {
      "name": "@bofsteel/agent-kernel",
      "version": "0.1.2",
      "devDependencies": {
        "typescript": "^5.7.3"
      }
    },
    "node_modules/typescript": {
      "version": "5.7.3",
      "resolved": "https://registry.npmjs.org/typescript/-/typescript-5.7.3.tgz",
      "integrity": "sha512-djMok4S7FZ1wVnE9h0t5Q8D1D7j7c2y0J9x2wR8E8X8p9mQ0G5x8Q5oM8Q0k6Y9m5Q8Y2n5g7h6w4m5m8Q==",
      "dev": true,
      "bin": {
        "tsc": "bin/tsc",
        "tsserver": "bin/tsserver"
      },
      "engines": {
        "node": ">=14.17"
      }
    }
  }
}
